
Microsoft Visual Studio Solution File, Format Version 12.00
# Visual Studio Version 17
VisualStudioVersion = 17.14.36301.6 d17.14
MinimumVisualStudioVersion = 10.0.40219.1
Project("{FAE04EC0-301F-11D3-BF4B-00C04F79EFBC}") = "WebAPIornek", "WebAPIornek.csproj", "{65582D16-3A8C-4E48-A25A-8BF0368A9843}"
EndProject
Global
	GlobalSection(SolutionConfigurationPlatforms) = preSolution
		Debug|Any CPU = Debug|Any CPU
		Release|Any CPU = Release|Any CPU
	EndGlobalSection
	GlobalSection(ProjectConfigurationPlatforms) = postSolution
		{65582D16-3A8C-4E48-A25A-8BF0368A9843}.Debug|Any CPU.ActiveCfg = Debug|Any CPU
		{65582D16-3A8C-4E48-A25A-8BF0368A9843}.Debug|Any CPU.Build.0 = Debug|Any CPU
		{65582D16-3A8C-4E48-A25A-8BF0368A9843}.Release|Any CPU.ActiveCfg = Release|Any CPU
		{65582D16-3A8C-4E48-A25A-8BF0368A9843}.Release|Any CPU.Build.0 = Release|Any CPU
	EndGlobalSection
	GlobalSection(SolutionProperties) = preSolution
		HideSolutionNode = FALSE
	EndGlobalSection
	GlobalSection(ExtensibilityGlobals) = postSolution
		SolutionGuid = {56C57568-FCBF-4AF0-A215-AC659D49B9B2}
	EndGlobalSection
EndGlobal
